
Microsoft Visual Studio Solution File, Format Version 12.00
# Visual Studio Version 17
VisualStudioVersion = 17.6.33801.468
MinimumVisualStudioVersion = 10.0.40219.1
Project("{8BC9CEB8-8B4A-11D0-8D11-00A0C91BC942}") = "DLinkList", "DLinkList\DLinkList.vcxproj", "{45B9FB95-4B7B-49C3-941F-A043D9CC05B7}"
EndProject
Global
	GlobalSection(SolutionConfigurationPlatforms) = preSolution
		Debug|x64 = Debug|x64
		Debug|x86 = Debug|x86
		Release|x64 = Release|x64
		Release|x86 = Release|x86
	EndGlobalSection
	GlobalSection(ProjectConfigurationPlatforms) = postSolution
		{45B9FB95-4B7B-49C3-941F-A043D9CC05B7}.Debug|x64.ActiveCfg = Debug|x64
		{45B9FB95-4B7B-49C3-941F-A043D9CC05B7}.Debug|x64.Build.0 = Debug|x64
		{45B9FB95-4B7B-49C3-941F-A043D9CC05B7}.Debug|x86.ActiveCfg = Debug|Win32
		{45B9FB95-4B7B-49C3-941F-A043D9CC05B7}.Debug|x86.Build.0 = Debug|Win32
		{45B9FB95-4B7B-49C3-941F-A043D9CC05B7}.Release|x64.ActiveCfg = Release|x64
		{45B9FB95-4B7B-49C3-941F-A043D9CC05B7}.Release|x64.Build.0 = Release|x64
		{45B9FB95-4B7B-49C3-941F-A043D9CC05B7}.Release|x86.ActiveCfg = Release|Win32
		{45B9FB95-4B7B-49C3-941F-A043D9CC05B7}.Release|x86.Build.0 = Release|Win32
	EndGlobalSection
	GlobalSection(SolutionProperties) = preSolution
		HideSolutionNode = FALSE
	EndGlobalSection
	GlobalSection(ExtensibilityGlobals) = postSolution
		SolutionGuid = {7BE6BAC9-9B28-4ADE-80F6-4D44216277BE}
	EndGlobalSection
EndGlobal
