
Microsoft Visual Studio Solution File, Format Version 12.00
# Visual Studio Version 17
VisualStudioVersion = 17.6.33801.468
MinimumVisualStudioVersion = 10.0.40219.1
Project("{8BC9CEB8-8B4A-11D0-8D11-00A0C91BC942}") = "循环双链表", "循环双链表\循环双链表.vcxproj", "{BE86B471-2AD7-42BA-82FA-8F3CD4258C89}"
EndProject
Global
	GlobalSection(SolutionConfigurationPlatforms) = preSolution
		Debug|x64 = Debug|x64
		Debug|x86 = Debug|x86
		Release|x64 = Release|x64
		Release|x86 = Release|x86
	EndGlobalSection
	GlobalSection(ProjectConfigurationPlatforms) = postSolution
		{BE86B471-2AD7-42BA-82FA-8F3CD4258C89}.Debug|x64.ActiveCfg = Debug|x64
		{BE86B471-2AD7-42BA-82FA-8F3CD4258C89}.Debug|x64.Build.0 = Debug|x64
		{BE86B471-2AD7-42BA-82FA-8F3CD4258C89}.Debug|x86.ActiveCfg = Debug|Win32
		{BE86B471-2AD7-42BA-82FA-8F3CD4258C89}.Debug|x86.Build.0 = Debug|Win32
		{BE86B471-2AD7-42BA-82FA-8F3CD4258C89}.Release|x64.ActiveCfg = Release|x64
		{BE86B471-2AD7-42BA-82FA-8F3CD4258C89}.Release|x64.Build.0 = Release|x64
		{BE86B471-2AD7-42BA-82FA-8F3CD4258C89}.Release|x86.ActiveCfg = Release|Win32
		{BE86B471-2AD7-42BA-82FA-8F3CD4258C89}.Release|x86.Build.0 = Release|Win32
	EndGlobalSection
	GlobalSection(SolutionProperties) = preSolution
		HideSolutionNode = FALSE
	EndGlobalSection
	GlobalSection(ExtensibilityGlobals) = postSolution
		SolutionGuid = {AA7AE7A7-49DC-4B6E-BACB-7A4360126946}
	EndGlobalSection
EndGlobal
